
Microsoft Visual Studio Solution File, Format Version 12.00
# Visual Studio Version 16
VisualStudioVersion = 16.0.31129.286
MinimumVisualStudioVersion = 10.0.40219.1
Project("{FAE04EC0-301F-11D3-BF4B-00C04F79EFBC}") = "LabRnd", "LabRnd\LabRnd.csproj", "{2CD82C81-409D-4E66-A129-611EF9E13C71}"
EndProject
Global
	GlobalSection(SolutionConfigurationPlatforms) = preSolution
		Debug|Any CPU = Debug|Any CPU
		Release|Any CPU = Release|Any CPU
	EndGlobalSection
	GlobalSection(ProjectConfigurationPlatforms) = postSolution
		{2CD82C81-409D-4E66-A129-611EF9E13C71}.Debug|Any CPU.ActiveCfg = Debug|Any CPU
		{2CD82C81-409D-4E66-A129-611EF9E13C71}.Debug|Any CPU.Build.0 = Debug|Any CPU
		{2CD82C81-409D-4E66-A129-611EF9E13C71}.Release|Any CPU.ActiveCfg = Release|Any CPU
		{2CD82C81-409D-4E66-A129-611EF9E13C71}.Release|Any CPU.Build.0 = Release|Any CPU
	EndGlobalSection
	GlobalSection(SolutionProperties) = preSolution
		HideSolutionNode = FALSE
	EndGlobalSection
	GlobalSection(ExtensibilityGlobals) = postSolution
		SolutionGuid = {644F652F-3114-440E-A0A6-4B7F24366906}
	EndGlobalSection
EndGlobal
